// !$*UTF8*$!
{
	archiveVersion = 1;
	classes = {
	};
	objectVersion = 46;
	objects = {

/* Begin PBXBuildFile section */
		05B15BBC1C831B73F1B0DA9E /* Pods.framework in Frameworks */ = {isa = PBXBuildFile; fileRef = B624CF52483499DECB90DEEB /* Pods.framework */; };
		6DE8C6C91D20FD820041AF5A /* AppDelegate.swift in Sources */ = {isa = PBXBuildFile; fileRef = 6DE8C6C81D20FD820041AF5A /* AppDelegate.swift */; };
		6DE8C6D01D20FD830041AF5A /* Assets.xcassets in Resources */ = {isa = PBXBuildFile; fileRef = 6DE8C6CF1D20FD830041AF5A /* Assets.xcassets */; };
		6DE8C6D31D20FD830041AF5A /* LaunchScreen.storyboard in Resources */ = {isa = PBXBuildFile; fileRef = 6DE8C6D11D20FD830041AF5A /* LaunchScreen.storyboard */; };
		6DE8C6DB1D2102D20041AF5A /* XLRootViewController.swift in Sources */ = {isa = PBXBuildFile; fileRef = 6DE8C6DA1D2102D20041AF5A /* XLRootViewController.swift */; };
		6DE8C6DF1D2112D50041AF5A /* XLLeftCell.swift in Sources */ = {isa = PBXBuildFile; fileRef = 6DE8C6DE1D2112D50041AF5A /* XLLeftCell.swift */; };
		6DE8C6E11D2112E20041AF5A /* XLRightCell.swift in Sources */ = {isa = PBXBuildFile; fileRef = 6DE8C6E01D2112E20041AF5A /* XLRightCell.swift */; };
		6DE8C6E51D211B560041AF5A /* Left.jpg in Resources */ = {isa = PBXBuildFile; fileRef = 6DE8C6E31D211B560041AF5A /* Left.jpg */; };
		6DE8C6E61D211B560041AF5A /* Right.jpg in Resources */ = {isa = PBXBuildFile; fileRef = 6DE8C6E41D211B560041AF5A /* Right.jpg */; };
		6DE8C6E81D211FD60041AF5A /* 气泡.png in Resources */ = {isa = PBXBuildFile; fileRef = 6DE8C6E71D211FD60041AF5A /* 气泡.png */; };
/* End PBXBuildFile section */

/* Begin PBXFileReference section */
		6DE8C6C51D20FD820041AF5A /* SnapKitDemo.app */ = {isa = PBXFileReference; explicitFileType = wrapper.application; includeInIndex = 0; path = SnapKitDemo.app; sourceTree = BUILT_PRODUCTS_DIR; };
		6DE8C6C81D20FD820041AF5A /* AppDelegate.swift */ = {isa = PBXFileReference; lastKnownFileType = sourcecode.swift; path = AppDelegate.swift; sourceTree = "<group>"; };
		6DE8C6CF1D20FD830041AF5A /* Assets.xcassets */ = {isa = PBXFileReference; lastKnownFileType = folder.assetcatalog; path = Assets.xcassets; sourceTree = "<group>"; };
		6DE8C6D21D20FD830041AF5A /* Base */ = {isa = PBXFileReference; lastKnownFileType = file.storyboard; name = Base; path = Base.lproj/LaunchScreen.storyboard; sourceTree = "<group>"; };
		6DE8C6D41D20FD830041AF5A /* Info.plist */ = {isa = PBXFileReference; lastKnownFileType = text.plist.xml; path = Info.plist; sourceTree = "<group>"; };
		6DE8C6DA1D2102D20041AF5A /* XLRootViewController.swift */ = {isa = PBXFileReference; fileEncoding = 4; lastKnownFileType = sourcecode.swift; path = XLRootViewController.swift; sourceTree = "<group>"; };
		6DE8C6DE1D2112D50041AF5A /* XLLeftCell.swift */ = {isa = PBXFileReference; fileEncoding = 4; lastKnownFileType = sourcecode.swift; path = XLLeftCell.swift; sourceTree = "<group>"; };
		6DE8C6E01D2112E20041AF5A /* XLRightCell.swift */ = {isa = PBXFileReference; fileEncoding = 4; lastKnownFileType = sourcecode.swift; path = XLRightCell.swift; sourceTree = "<group>"; };
		6DE8C6E31D211B560041AF5A /* Left.jpg */ = {isa = PBXFileReference; lastKnownFileType = image.jpeg; path = Left.jpg; sourceTree = "<group>"; };
		6DE8C6E41D211B560041AF5A /* Right.jpg */ = {isa = PBXFileReference; lastKnownFileType = image.jpeg; path = Right.jpg; sourceTree = "<group>"; };
		6DE8C6E71D211FD60041AF5A /* 气泡.png */ = {isa = PBXFileReference; lastKnownFileType = image.png; path = "气泡.png"; sourceTree = "<group>"; };
		B624CF52483499DECB90DEEB /* Pods.framework */ = {isa = PBXFileReference; explicitFileType = wrapper.framework; includeInIndex = 0; path = Pods.framework; sourceTree = BUILT_PRODUCTS_DIR; };
		CD2C909365003661FD1711FA /* Pods.release.xcconfig */ = {isa = PBXFileReference; includeInIndex = 1; lastKnownFileType = text.xcconfig; name = Pods.release.xcconfig; path = "Pods/Target Support Files/Pods/Pods.release.xcconfig"; sourceTree = "<group>"; };
		EE9FAF813E52A3AAD16ACCBE /* Pods.debug.xcconfig */ = {isa = PBXFileReference; includeInIndex = 1; lastKnownFileType = text.xcconfig; name = Pods.debug.xcconfig; path = "Pods/Target Support Files/Pods/Pods.debug.xcconfig"; sourceTree = "<group>"; };
/* End PBXFileReference section */

/* Begin PBXFrameworksBuildPhase section */
		6DE8C6C21D20FD820041AF5A /* Frameworks */ = {
			isa = PBXFrameworksBuildPhase;
			buildActionMask = 2147483647;
			files = (
				05B15BBC1C831B73F1B0DA9E /* Pods.framework in Frameworks */,
			);
			runOnlyForDeploymentPostprocessing = 0;
		};
/* End PBXFrameworksBuildPhase section */

/* Begin PBXGroup section */
		6DE8C6BC1D20FD820041AF5A = {
			isa = PBXGroup;
			children = (
				6DE8C6C71D20FD820041AF5A /* SnapKitDemo */,
				6DE8C6C61D20FD820041AF5A /* Products */,
				A998834EE86B5F625D396F02 /* Pods */,
				C55074E7E67C3B9C12FC233F /* Frameworks */,
			);
			sourceTree = "<group>";
		};
		6DE8C6C61D20FD820041AF5A /* Products */ = {
			isa = PBXGroup;
			children = (
				6DE8C6C51D20FD820041AF5A /* SnapKitDemo.app */,
			);
			name = Products;
			sourceTree = "<group>";
		};
		6DE8C6C71D20FD820041AF5A /* SnapKitDemo */ = {
			isa = PBXGroup;
			children = (
				6DE8C6E21D211B560041AF5A /* Imgs */,
				6DE8C6C81D20FD820041AF5A /* AppDelegate.swift */,
				6DE8C6DA1D2102D20041AF5A /* XLRootViewController.swift */,
				6DE8C6DE1D2112D50041AF5A /* XLLeftCell.swift */,
				6DE8C6E01D2112E20041AF5A /* XLRightCell.swift */,
				6DE8C6CF1D20FD830041AF5A /* Assets.xcassets */,
				6DE8C6D11D20FD830041AF5A /* LaunchScreen.storyboard */,
				6DE8C6D41D20FD830041AF5A /* Info.plist */,
			);
			path = SnapKitDemo;
			sourceTree = "<group>";
		};
		6DE8C6E21D211B560041AF5A /* Imgs */ = {
			isa = PBXGroup;
			children = (
				6DE8C6E71D211FD60041AF5A /* 气泡.png */,
				6DE8C6E31D211B560041AF5A /* Left.jpg */,
				6DE8C6E41D211B560041AF5A /* Right.jpg */,
			);
			path = Imgs;
			sourceTree = "<group>";
		};
		A998834EE86B5F625D396F02 /* Pods */ = {
			isa = PBXGroup;
			children = (
				EE9FAF813E52A3AAD16ACCBE /* Pods.debug.xcconfig */,
				CD2C909365003661FD1711FA /* Pods.release.xcconfig */,
			);
			name = Pods;
			sourceTree = "<group>";
		};
		C55074E7E67C3B9C12FC233F /* Frameworks */ = {
			isa = PBXGroup;
			children = (
				B624CF52483499DECB90DEEB /* Pods.framework */,
			);
			name = Frameworks;
			sourceTree = "<group>";
		};
/* End PBXGroup section */

/* Begin PBXNativeTarget section */
		6DE8C6C41D20FD820041AF5A /* SnapKitDemo */ = {
			isa = PBXNativeTarget;
			buildConfigurationList = 6DE8C6D71D20FD830041AF5A /* Build configuration list for PBXNativeTarget "SnapKitDemo" */;
			buildPhases = (
				A792677E1CCDA619E9879AD2 /* Check Pods Manifest.lock */,
				6DE8C6C11D20FD820041AF5A /* Sources */,
				6DE8C6C21D20FD820041AF5A /* Frameworks */,
				6DE8C6C31D20FD820041AF5A /* Resources */,
				DFDE62FF14271E06CC21F6BB /* Embed Pods Frameworks */,
				D3E739F8EA2357313AFDA0EB /* Copy Pods Resources */,
			);
			buildRules = (
			);
			dependencies = (
			);
			name = SnapKitDemo;
			productName = SnapKitDemo;
			productReference = 6DE8C6C51D20FD820041AF5A /* SnapKitDemo.app */;
			productType = "com.apple.product-type.application";
		};
/* End PBXNativeTarget section */

/* Begin PBXProject section */
		6DE8C6BD1D20FD820041AF5A /* Project object */ = {
			isa = PBXProject;
			attributes = {
				CLASSPREFIX = XL;
				LastSwiftUpdateCheck = 0730;
				LastUpgradeCheck = 0730;
				ORGANIZATIONNAME = knmk0002;
				TargetAttributes = {
					6DE8C6C41D20FD820041AF5A = {
						CreatedOnToolsVersion = 7.3.1;
					};
				};
			};
			buildConfigurationList = 6DE8C6C01D20FD820041AF5A /* Build configuration list for PBXProject "SnapKitDemo" */;
			compatibilityVersion = "Xcode 3.2";
			developmentRegion = English;
			hasScannedForEncodings = 0;
			knownRegions = (
				en,
				Base,
			);
			mainGroup = 6DE8C6BC1D20FD820041AF5A;
			productRefGroup = 6DE8C6C61D20FD820041AF5A /* Products */;
			projectDirPath = "";
			projectRoot = "";
			targets = (
				6DE8C6C41D20FD820041AF5A /* SnapKitDemo */,
			);
		};
/* End PBXProject section */

/* Begin PBXResourcesBuildPhase section */
		6DE8C6C31D20FD820041AF5A /* Resources */ = {
			isa = PBXResourcesBuildPhase;
			buildActionMask = 2147483647;
			files = (
				6DE8C6D31D20FD830041AF5A /* LaunchScreen.storyboard in Resources */,
				6DE8C6D01D20FD830041AF5A /* Assets.xcassets in Resources */,
				6DE8C6E51D211B560041AF5A /* Left.jpg in Resources */,
				6DE8C6E61D211B560041AF5A /* Right.jpg in Resources */,
				6DE8C6E81D211FD60041AF5A /* 气泡.png in Resources */,
			);
			runOnlyForDeploymentPostprocessing = 0;
		};
/* End PBXResourcesBuildPhase section */

/* Begin PBXShellScriptBuildPhase section */
		A792677E1CCDA619E9879AD2 /* Check Pods Manifest.lock */ = {
			isa = PBXShellScriptBuildPhase;
			buildActionMask = 2147483647;
			files = (
			);
			inputPaths = (
			);
			name = "Check Pods Manifest.lock";
			outputPaths = (
			);
			runOnlyForDeploymentPostprocessing = 0;
			shellPath = /bin/sh;
			shellScript = "diff \"${PODS_ROOT}/../Podfile.lock\" \"${PODS_ROOT}/Manifest.lock\" > /dev/null\nif [[ $? != 0 ]] ; then\n    cat << EOM\nerror: The sandbox is not in sync with the Podfile.lock. Run 'pod install' or update your CocoaPods installation.\nEOM\n    exit 1\nfi\n";
			showEnvVarsInLog = 0;
		};
		D3E739F8EA2357313AFDA0EB /* Copy Pods Resources */ = {
			isa = PBXShellScriptBuildPhase;
			buildActionMask = 2147483647;
			files = (
			);
			inputPaths = (
			);
			name = "Copy Pods Resources";
			outputPaths = (
			);
			runOnlyForDeploymentPostprocessing = 0;
			shellPath = /bin/sh;
			shellScript = "\"${SRCROOT}/Pods/Target Support Files/Pods/Pods-resources.sh\"\n";
			showEnvVarsInLog = 0;
		};
		DFDE62FF14271E06CC21F6BB /* Embed Pods Frameworks */ = {
			isa = PBXShellScriptBuildPhase;
			buildActionMask = 2147483647;
			files = (
			);
			inputPaths = (
			);
			name = "Embed Pods Frameworks";
			outputPaths = (
			);
			runOnlyForDeploymentPostprocessing = 0;
			shellPath = /bin/sh;
			shellScript = "\"${SRCROOT}/Pods/Target Support Files/Pods/Pods-frameworks.sh\"\n";
			showEnvVarsInLog = 0;
		};
/* End PBXShellScriptBuildPhase section */

/* Begin PBXSourcesBuildPhase section */
		6DE8C6C11D20FD820041AF5A /* Sources */ = {
			isa = PBXSourcesBuildPhase;
			buildActionMask = 2147483647;
			files = (
				6DE8C6DB1D2102D20041AF5A /* XLRootViewController.swift in Sources */,
				6DE8C6DF1D2112D50041AF5A /* XLLeftCell.swift in Sources */,
				6DE8C6E11D2112E20041AF5A /* XLRightCell.swift in Sources */,
				6DE8C6C91D20FD820041AF5A /* AppDelegate.swift in Sources */,
			);
			runOnlyForDeploymentPostprocessing = 0;
		};
/* End PBXSourcesBuildPhase section */

/* Begin PBXVariantGroup section */
		6DE8C6D11D20FD830041AF5A /* LaunchScreen.storyboard */ = {
			isa = PBXVariantGroup;
			children = (
				6DE8C6D21D20FD830041AF5A /* Base */,
			);
			name = LaunchScreen.storyboard;
			sourceTree = "<group>";
		};
/* End PBXVariantGroup section */

/* Begin XCBuildConfiguration section */
		6DE8C6D51D20FD830041AF5A /* Debug */ = {
			isa = XCBuildConfiguration;
			buildSettings = {
				ALWAYS_SEARCH_USER_PATHS = NO;
				CLANG_ANALYZER_NONNULL = YES;
				CLANG_CXX_LANGUAGE_STANDARD = "gnu++0x";
				CLANG_CXX_LIBRARY = "libc++";
				CLANG_ENABLE_MODULES = YES;
				CLANG_ENABLE_OBJC_ARC = YES;
				CLANG_WARN_BOOL_CONVERSION = YES;
				CLANG_WARN_CONSTANT_CONVERSION = YES;
				CLANG_WARN_DIRECT_OBJC_ISA_USAGE = YES_ERROR;
				CLANG_WARN_EMPTY_BODY = YES;
				CLANG_WARN_ENUM_CONVERSION = YES;
				CLANG_WARN_INT_CONVERSION = YES;
				CLANG_WARN_OBJC_ROOT_CLASS = YES_ERROR;
				CLANG_WARN_UNREACHABLE_CODE = YES;
				CLANG_WARN__DUPLICATE_METHOD_MATCH = YES;
				"CODE_SIGN_IDENTITY[sdk=iphoneos*]" = "iPhone Developer";
				COPY_PHASE_STRIP = NO;
				DEBUG_INFORMATION_FORMAT = dwarf;
				ENABLE_STRICT_OBJC_MSGSEND = YES;
				ENABLE_TESTABILITY = YES;
				GCC_C_LANGUAGE_STANDARD = gnu99;
				GCC_DYNAMIC_NO_PIC = NO;
				GCC_NO_COMMON_BLOCKS = YES;
				GCC_OPTIMIZATION_LEVEL = 0;
				GCC_PREPROCESSOR_DEFINITIONS = (
					"DEBUG=1",
					"$(inherited)",
				);
				GCC_WARN_64_TO_32_BIT_CONVERSION = YES;
				GCC_WARN_ABOUT_RETURN_TYPE = YES_ERROR;
				GCC_WARN_UNDECLARED_SELECTOR = YES;
				GCC_WARN_UNINITIALIZED_AUTOS = YES_AGGRESSIVE;
				GCC_WARN_UNUSED_FUNCTION = YES;
				GCC_WARN_UNUSED_VARIABLE = YES;
				IPHONEOS_DEPLOYMENT_TARGET = 9.3;
				MTL_ENABLE_DEBUG_INFO = YES;
				ONLY_ACTIVE_ARCH = YES;
				SDKROOT = iphoneos;
				SWIFT_OPTIMIZATION_LEVEL = "-Onone";
			};
			name = Debug;
		};
		6DE8C6D61D20FD830041AF5A /* Release */ = {
			isa = XCBuildConfiguration;
			buildSettings = {
				ALWAYS_SEARCH_USER_PATHS = NO;
				CLANG_ANALYZER_NONNULL = YES;
				CLANG_CXX_LANGUAGE_STANDARD = "gnu++0x";
				CLANG_CXX_LIBRARY = "libc++";
				CLANG_ENABLE_MODULES = YES;
				CLANG_ENABLE_OBJC_ARC = YES;
				CLANG_WARN_BOOL_CONVERSION = YES;
				CLANG_WARN_CONSTANT_CONVERSION = YES;
				CLANG_WARN_DIRECT_OBJC_ISA_USAGE = YES_ERROR;
				CLANG_WARN_EMPTY_BODY = YES;
				CLANG_WARN_ENUM_CONVERSION = YES;
				CLANG_WARN_INT_CONVERSION = YES;
				CLANG_WARN_OBJC_ROOT_CLASS = YES_ERROR;
				CLANG_WARN_UNREACHABLE_CODE = YES;
				CLANG_WARN__DUPLICATE_METHOD_MATCH = YES;
				"CODE_SIGN_IDENTITY[sdk=iphoneos*]" = "iPhone Developer";
				COPY_PHASE_STRIP = NO;
				DEBUG_INFORMATION_FORMAT = "dwarf-with-dsym";
				ENABLE_NS_ASSERTIONS = NO;
				ENABLE_STRICT_OBJC_MSGSEND = YES;
				GCC_C_LANGUAGE_STANDARD = gnu99;
				GCC_NO_COMMON_BLOCKS = YES;
				GCC_WARN_64_TO_32_BIT_CONVERSION = YES;
				GCC_WARN_ABOUT_RETURN_TYPE = YES_ERROR;
				GCC_WARN_UNDECLARED_SELECTOR = YES;
				GCC_WARN_UNINITIALIZED_AUTOS = YES_AGGRESSIVE;
				GCC_WARN_UNUSED_FUNCTION = YES;
				GCC_WARN_UNUSED_VARIABLE = YES;
				IPHONEOS_DEPLOYMENT_TARGET = 9.3;
				MTL_ENABLE_DEBUG_INFO = NO;
				SDKROOT = iphoneos;
				VALIDATE_PRODUCT = YES;
			};
			name = Release;
		};
		6DE8C6D81D20FD830041AF5A /* Debug */ = {
			isa = XCBuildConfiguration;
			baseConfigurationReference = EE9FAF813E52A3AAD16ACCBE /* Pods.debug.xcconfig */;
			buildSettings = {
				ASSETCATALOG_COMPILER_APPICON_NAME = AppIcon;
				INFOPLIST_FILE = SnapKitDemo/Info.plist;
				LD_RUNPATH_SEARCH_PATHS = "$(inherited) @executable_path/Frameworks";
				PRODUCT_BUNDLE_IDENTIFIER = knmk.SnapKitDemo;
				PRODUCT_NAME = "$(TARGET_NAME)";
			};
			name = Debug;
		};
		6DE8C6D91D20FD830041AF5A /* Release */ = {
			isa = XCBuildConfiguration;
			baseConfigurationReference = CD2C909365003661FD1711FA /* Pods.release.xcconfig */;
			buildSettings = {
				ASSETCATALOG_COMPILER_APPICON_NAME = AppIcon;
				INFOPLIST_FILE = SnapKitDemo/Info.plist;
				LD_RUNPATH_SEARCH_PATHS = "$(inherited) @executable_path/Frameworks";
				PRODUCT_BUNDLE_IDENTIFIER = knmk.SnapKitDemo;
				PRODUCT_NAME = "$(TARGET_NAME)";
			};
			name = Release;
		};
/* End XCBuildConfiguration section */

/* Begin XCConfigurationList section */
		6DE8C6C01D20FD820041AF5A /* Build configuration list for PBXProject "SnapKitDemo" */ = {
			isa = XCConfigurationList;
			buildConfigurations = (
				6DE8C6D51D20FD830041AF5A /* Debug */,
				6DE8C6D61D20FD830041AF5A /* Release */,
			);
			defaultConfigurationIsVisible = 0;
			defaultConfigurationName = Release;
		};
		6DE8C6D71D20FD830041AF5A /* Build configuration list for PBXNativeTarget "SnapKitDemo" */ = {
			isa = XCConfigurationList;
			buildConfigurations = (
				6DE8C6D81D20FD830041AF5A /* Debug */,
				6DE8C6D91D20FD830041AF5A /* Release */,
			);
			defaultConfigurationIsVisible = 0;
			defaultConfigurationName = Release;
		};
/* End XCConfigurationList section */
	};
	rootObject = 6DE8C6BD1D20FD820041AF5A /* Project object */;
}
